
Microsoft Visual Studio Solution File, Format Version 12.00
# Visual Studio 15
VisualStudioVersion = 15.0.28307.438
MinimumVisualStudioVersion = 10.0.40219.1
Project("{9A19103F-16F7-4668-BE54-9A1E7A4F7556}") = "Englishmania.Web", "Englishmania\Englishmania.Web.csproj", "{58954C89-8936-469F-BAB0-018E889D999B}"
EndProject
Project("{9A19103F-16F7-4668-BE54-9A1E7A4F7556}") = "Englishmania.BLL", "Englishmania.BLL\Englishmania.BLL.csproj", "{057381ED-0103-468B-B585-3C5A66DE2859}"
EndProject
Project("{9A19103F-16F7-4668-BE54-9A1E7A4F7556}") = "Englishmania.DAL", "Englishmania.DLL\Englishmania.DAL.csproj", "{9A5DF4B2-BFD5-433D-9431-E897218BE8B5}"
EndProject
Global
	GlobalSection(SolutionConfigurationPlatforms) = preSolution
		Debug|Any CPU = Debug|Any CPU
		Release|Any CPU = Release|Any CPU
	EndGlobalSection
	GlobalSection(ProjectConfigurationPlatforms) = postSolution
		{58954C89-8936-469F-BAB0-018E889D999B}.Debug|Any CPU.ActiveCfg = Debug|Any CPU
		{58954C89-8936-469F-BAB0-018E889D999B}.Debug|Any CPU.Build.0 = Debug|Any CPU
		{58954C89-8936-469F-BAB0-018E889D999B}.Release|Any CPU.ActiveCfg = Release|Any CPU
		{58954C89-8936-469F-BAB0-018E889D999B}.Release|Any CPU.Build.0 = Release|Any CPU
		{057381ED-0103-468B-B585-3C5A66DE2859}.Debug|Any CPU.ActiveCfg = Debug|Any CPU
		{057381ED-0103-468B-B585-3C5A66DE2859}.Debug|Any CPU.Build.0 = Debug|Any CPU
		{057381ED-0103-468B-B585-3C5A66DE2859}.Release|Any CPU.ActiveCfg = Release|Any CPU
		{057381ED-0103-468B-B585-3C5A66DE2859}.Release|Any CPU.Build.0 = Release|Any CPU
		{9A5DF4B2-BFD5-433D-9431-E897218BE8B5}.Debug|Any CPU.ActiveCfg = Debug|Any CPU
		{9A5DF4B2-BFD5-433D-9431-E897218BE8B5}.Debug|Any CPU.Build.0 = Debug|Any CPU
		{9A5DF4B2-BFD5-433D-9431-E897218BE8B5}.Release|Any CPU.ActiveCfg = Release|Any CPU
		{9A5DF4B2-BFD5-433D-9431-E897218BE8B5}.Release|Any CPU.Build.0 = Release|Any CPU
	EndGlobalSection
	GlobalSection(SolutionProperties) = preSolution
		HideSolutionNode = FALSE
	EndGlobalSection
	GlobalSection(ExtensibilityGlobals) = postSolution
		SolutionGuid = {66277C25-A204-4A6D-A6E6-9BD85FB3F1FC}
	EndGlobalSection
EndGlobal
